
Microsoft Visual Studio Solution File, Format Version 12.00
# Visual Studio Version 16
VisualStudioVersion = 16.0.29728.190
MinimumVisualStudioVersion = 10.0.40219.1
Project("{FAE04EC0-301F-11D3-BF4B-00C04F79EFBC}") = "RepositoryPattern", "RepositoryPattern\RepositoryPattern.csproj", "{CA056205-767A-4CE6-8688-4E0563CB94E4}"
EndProject
Global
	GlobalSection(SolutionConfigurationPlatforms) = preSolution
		Debug|Any CPU = Debug|Any CPU
		Release|Any CPU = Release|Any CPU
	EndGlobalSection
	GlobalSection(ProjectConfigurationPlatforms) = postSolution
		{CA056205-767A-4CE6-8688-4E0563CB94E4}.Debug|Any CPU.ActiveCfg = Debug|Any CPU
		{CA056205-767A-4CE6-8688-4E0563CB94E4}.Debug|Any CPU.Build.0 = Debug|Any CPU
		{CA056205-767A-4CE6-8688-4E0563CB94E4}.Release|Any CPU.ActiveCfg = Release|Any CPU
		{CA056205-767A-4CE6-8688-4E0563CB94E4}.Release|Any CPU.Build.0 = Release|Any CPU
	EndGlobalSection
	GlobalSection(SolutionProperties) = preSolution
		HideSolutionNode = FALSE
	EndGlobalSection
	GlobalSection(ExtensibilityGlobals) = postSolution
		SolutionGuid = {6371D8B0-2348-4207-ACB5-D76E6B937DF9}
	EndGlobalSection
EndGlobal
